{
    "_readme": [
        "This file locks the dependencies of your project to a known state",
        "Read more about it at http://getcomposer.org/doc/01-basic-usage.md#composer-lock-the-lock-file"
    ],
    "hash": "2311075d4d44e3eb916254127b8a62f3",
    "packages": [
        {
            "name": "mapyo/composer_lib_test",
            "version": "1.0.4",
            "source": {
                "type": "git",
                "url": "https://github.com/mapyo/composer_lib_test.git",
                "reference": "688b378d03305df20a1edd3a1f57bb5a8ad0a6ad"
            },
            "dist": {
                "type": "zip",
                "url": "https://api.github.com/repos/mapyo/composer_lib_test/zipball/688b378d03305df20a1edd3a1f57bb5a8ad0a6ad",
                "reference": "688b378d03305df20a1edd3a1f57bb5a8ad0a6ad",
                "shasum": ""
            },
            "type": "library",
            "description": "composer library",
            "support": {
                "source": "https://github.com/mapyo/composer_lib_test/tree/1.0.4",
                "issues": "https://github.com/mapyo/composer_lib_test/issues"
            },
            "time": "2014-03-11 22:58:26"
        },
        {
            "name": "monolog/monolog",
            "version": "1.2.1",
            "source": {
                "type": "git",
                "url": "https://github.com/Seldaek/monolog.git",
                "reference": "d16496318c3e08e3bccfc3866e104e49cf25488a"
            },
            "dist": {
                "type": "zip",
                "url": "https://api.github.com/repos/Seldaek/monolog/zipball/d16496318c3e08e3bccfc3866e104e49cf25488a",
                "reference": "d16496318c3e08e3bccfc3866e104e49cf25488a",
                "shasum": ""
            },
            "require": {
                "php": ">=5.3.0"
            },
            "require-dev": {
                "mlehner/gelf-php": "1.0.*"
            },
            "suggest": {
                "ext-amqp": "Allow sending log messages to an AMQP server (1.0+ required)",
                "ext-mongo": "Allow sending log messages to a MongoDB server",
                "mlehner/gelf-php": "Allow sending log messages to a GrayLog2 server"
            },
            "type": "library",
            "extra": {
                "branch-alias": {
                    "dev-master": "1.3.x-dev"
                }
            },
            "autoload": {
                "psr-0": {
                    "Monolog": "src/"
                }
            },
            "license": [
                "MIT"
            ],
            "authors": [
                {
                    "name": "Jordi Boggiano",
                    "email": "j.boggiano@seld.be",
                    "homepage": "http://seld.be"
                }
            ],
            "description": "Logging for PHP 5.3",
            "homepage": "http://github.com/Seldaek/monolog",
            "keywords": [
                "log",
                "logging"
            ],
            "support": {
                "source": "https://github.com/Seldaek/monolog/tree/1.2.1",
                "issues": "https://github.com/Seldaek/monolog/issues"
            },
            "time": "2012-08-29 11:53:20"
        }
    ],
    "packages-dev": [

    ],
    "aliases": [

    ],
    "minimum-stability": "stable",
    "stability-flags": [

    ],
    "platform": [

    ],
    "platform-dev": [

    ]
}
