{
    "_readme": [
        "This file locks the dependencies of your project to a known state",
        "Read more about it at http://getcomposer.org/doc/01-basic-usage.md#composer-lock-the-lock-file"
    ],
    "hash": "31747b6cc6ae621a2b436747cee0bc3b",
    "packages": [
        {
            "name": "mapyo/composer_lib_test",
            "version": "1.0.4",
            "source": {
                "type": "git",
                "url": "https://github.com/mapyo/composer_lib_test.git",
                "reference": "688b378d03305df20a1edd3a1f57bb5a8ad0a6ad"
            },
            "dist": {
                "type": "zip",
                "url": "https://api.github.com/repos/mapyo/composer_lib_test/zipball/688b378d03305df20a1edd3a1f57bb5a8ad0a6ad",
                "reference": "688b378d03305df20a1edd3a1f57bb5a8ad0a6ad",
                "shasum": ""
            },
            "type": "library",
            "description": "composer library",
            "support": {
                "source": "https://github.com/mapyo/composer_lib_test/tree/1.0.4",
                "issues": "https://github.com/mapyo/composer_lib_test/issues"
            },
            "time": "2014-03-11 22:58:26"
        }
    ],
    "packages-dev": [

    ],
    "aliases": [

    ],
    "minimum-stability": "stable",
    "stability-flags": [

    ],
    "platform": [

    ],
    "platform-dev": [

    ]
}
